
Microsoft Visual Studio Solution File, Format Version 12.00
# Visual Studio Version 17
VisualStudioVersion = 17.3.32929.385
MinimumVisualStudioVersion = 10.0.40219.1
Project("{FAE04EC0-301F-11D3-BF4B-00C04F79EFBC}") = "Wpf", "Wpf.csproj", "{68662399-120B-4CC8-93A6-C6C0F54F6EDB}"
EndProject
Global
	GlobalSection(SolutionConfigurationPlatforms) = preSolution
		Debug|Any CPU = Debug|Any CPU
		Release|Any CPU = Release|Any CPU
	EndGlobalSection
	GlobalSection(ProjectConfigurationPlatforms) = postSolution
		{68662399-120B-4CC8-93A6-C6C0F54F6EDB}.Debug|Any CPU.ActiveCfg = Debug|Any CPU
		{68662399-120B-4CC8-93A6-C6C0F54F6EDB}.Debug|Any CPU.Build.0 = Debug|Any CPU
		{68662399-120B-4CC8-93A6-C6C0F54F6EDB}.Release|Any CPU.ActiveCfg = Release|Any CPU
		{68662399-120B-4CC8-93A6-C6C0F54F6EDB}.Release|Any CPU.Build.0 = Release|Any CPU
	EndGlobalSection
	GlobalSection(SolutionProperties) = preSolution
		HideSolutionNode = FALSE
	EndGlobalSection
	GlobalSection(ExtensibilityGlobals) = postSolution
		SolutionGuid = {2439609F-EC58-4FC5-ACB3-3B088A20A841}
	EndGlobalSection
EndGlobal
